
Microsoft Visual Studio Solution File, Format Version 12.00
# Visual Studio Version 17
VisualStudioVersion = 17.0.31903.59
MinimumVisualStudioVersion = 10.0.40219.1
Project("{FAE04EC0-301F-11D3-BF4B-00C04F79EFBC}") = "Aplicacion_Sistemas", "Aplicacion_Sistemas\Aplicacion_Sistemas.csproj", "{3B77AD3B-C635-4B40-A73C-2C2F3D1A5B80}"
EndProject
Global
	GlobalSection(SolutionConfigurationPlatforms) = preSolution
		Debug|Any CPU = Debug|Any CPU
		Release|Any CPU = Release|Any CPU
	EndGlobalSection
	GlobalSection(ProjectConfigurationPlatforms) = postSolution
		{3B77AD3B-C635-4B40-A73C-2C2F3D1A5B80}.Debug|Any CPU.ActiveCfg = Debug|Any CPU
		{3B77AD3B-C635-4B40-A73C-2C2F3D1A5B80}.Debug|Any CPU.Build.0 = Debug|Any CPU
		{3B77AD3B-C635-4B40-A73C-2C2F3D1A5B80}.Release|Any CPU.ActiveCfg = Release|Any CPU
		{3B77AD3B-C635-4B40-A73C-2C2F3D1A5B80}.Release|Any CPU.Build.0 = Release|Any CPU
	EndGlobalSection
	GlobalSection(SolutionProperties) = preSolution
		HideSolutionNode = FALSE
	EndGlobalSection
	GlobalSection(ExtensibilityGlobals) = postSolution
		SolutionGuid = {CC682AF5-21A5-431B-9F69-7F9B51317169}
	EndGlobalSection
EndGlobal
